{
  "name": "appointment-wxapp",
  "version": "1.0.0",
  "lockfileVersion": 1,
  "requires": true,
  "dependencies": {
    "@dcloudio/uni-helper-json": {
      "version": "1.0.13",
      "resolved": "https://registry.npmmirror.com/@dcloudio/uni-helper-json/-/uni-helper-json-1.0.13.tgz",
      "integrity": "sha512-FO9Iu4zW4td3Tr+eiCDWuele2ehkJ4qxQ/UhpAMLjso+ZdWz6NagK5Syh6cdy1hoDqbxpNoqnLynuJXe81Ereg=="
    },
    "@types/html5plus": {
      "version": "1.0.2",
      "resolved": "https://registry.npmmirror.com/@types/html5plus/-/html5plus-1.0.2.tgz",
      "integrity": "sha512-OklP5lrmLq8/6TUOLgWc0LndUVvAiTWX5dnyoCFhIUtFW9opWsnCtG/UxPgeuC28Rv2XNbFfft/hEEI39P/4Ag==",
      "dev": true
    },
    "@types/uni-app": {
      "version": "1.4.4",
      "resolved": "https://registry.npmmirror.com/@types/uni-app/-/uni-app-1.4.4.tgz",
      "integrity": "sha512-ZTXnrCTblZyoLIoKbTv1Whz1nxrTcM7vg0qGXzDpXP8m9MqdjKt48N3FffQT1IsJWNkxbvJ1Eg5UHDaq+k+oBQ==",
      "dev": true,
      "requires": {
        "vue": "^2.6.8"
      }
    },
    "js-md5": {
      "version": "0.7.3",
      "resolved": "https://registry.npm.taobao.org/js-md5/download/js-md5-0.7.3.tgz",
      "integrity": "sha1-tPL7sLMnRV9ZjWcn447Ccs0Jw/I="
    },
    "vue": {
      "version": "2.6.14",
      "resolved": "https://registry.npmmirror.com/vue/-/vue-2.6.14.tgz",
      "integrity": "sha512-x2284lgYvjOMj3Za7kqzRcUSxBboHqtgRE2zlos1qWaOye5yUmHn42LB1250NJBLRwEcdrB0JRwyPTEPhfQjiQ==",
      "dev": true
    },
    "weui": {
      "version": "2.1.3",
      "resolved": "https://registry.npmjs.org/weui/-/weui-2.1.3.tgz",
      "integrity": "sha512-iFN53xGHpGPbdFf65Q/uYpQUln0Cg18VwsYU+AqYpazBcBVigdLDd3zNWXLk9VXwdTaS3FVWnGxejhSm6L+wZQ=="
    },
    "weui-miniprogram": {
      "version": "0.2.1",
      "resolved": "https://registry.npmjs.org/weui-miniprogram/-/weui-miniprogram-0.2.1.tgz",
      "integrity": "sha512-Of/r4QwmlzMwvpW9BQHcL/KW3WV5kw+7yxCFSob3UIqMpwLxKHuBrQajuCVkM3CbqxIpc0XWyDYnpCWk3VkLYg==",
      "dev": true
    }
  }
}
